
Microsoft Visual Studio Solution File, Format Version 12.00
# Visual Studio Version 17
VisualStudioVersion = 17.11.35312.102
MinimumVisualStudioVersion = 10.0.40219.1
Project("{8BC9CEB8-8B4A-11D0-8D11-00A0C91BC942}") = "shared", "src\shared\shared.vcxproj", "{D999CD81-B931-4125-873A-EACF23CAF087}"
EndProject
Project("{8BC9CEB8-8B4A-11D0-8D11-00A0C91BC942}") = "NECROAuth", "src\NECROAuth\NECROAuth.vcxproj", "{A94A6D2A-A254-4C5C-91FB-D329A7340758}"
EndProject
Project("{8BC9CEB8-8B4A-11D0-8D11-00A0C91BC942}") = "NECROClient", "src\NECROClient\NECROClient.vcxproj", "{D380C53D-7A14-4B09-A5CA-C697535E5302}"
EndProject
Project("{8BC9CEB8-8B4A-11D0-8D11-00A0C91BC942}") = "NECROWorld", "src\NECROWorld\NECROWorld.vcxproj", "{90B5D6B6-F1EC-408A-AA9A-E7F5CD22B644}"
EndProject
Global
	GlobalSection(SolutionConfigurationPlatforms) = preSolution
		Debug|x64 = Debug|x64
		Debug|x86 = Debug|x86
		Release|x64 = Release|x64
		Release|x86 = Release|x86
	EndGlobalSection
	GlobalSection(ProjectConfigurationPlatforms) = postSolution
		{D999CD81-B931-4125-873A-EACF23CAF087}.Debug|x64.ActiveCfg = Debug|x64
		{D999CD81-B931-4125-873A-EACF23CAF087}.Debug|x64.Build.0 = Debug|x64
		{D999CD81-B931-4125-873A-EACF23CAF087}.Debug|x86.ActiveCfg = Debug|Win32
		{D999CD81-B931-4125-873A-EACF23CAF087}.Debug|x86.Build.0 = Debug|Win32
		{D999CD81-B931-4125-873A-EACF23CAF087}.Release|x64.ActiveCfg = Release|x64
		{D999CD81-B931-4125-873A-EACF23CAF087}.Release|x64.Build.0 = Release|x64
		{D999CD81-B931-4125-873A-EACF23CAF087}.Release|x86.ActiveCfg = Release|Win32
		{D999CD81-B931-4125-873A-EACF23CAF087}.Release|x86.Build.0 = Release|Win32
		{A94A6D2A-A254-4C5C-91FB-D329A7340758}.Debug|x64.ActiveCfg = Debug|x64
		{A94A6D2A-A254-4C5C-91FB-D329A7340758}.Debug|x64.Build.0 = Debug|x64
		{A94A6D2A-A254-4C5C-91FB-D329A7340758}.Debug|x86.ActiveCfg = Debug|Win32
		{A94A6D2A-A254-4C5C-91FB-D329A7340758}.Debug|x86.Build.0 = Debug|Win32
		{A94A6D2A-A254-4C5C-91FB-D329A7340758}.Release|x64.ActiveCfg = Release|x64
		{A94A6D2A-A254-4C5C-91FB-D329A7340758}.Release|x64.Build.0 = Release|x64
		{A94A6D2A-A254-4C5C-91FB-D329A7340758}.Release|x86.ActiveCfg = Release|Win32
		{A94A6D2A-A254-4C5C-91FB-D329A7340758}.Release|x86.Build.0 = Release|Win32
		{D380C53D-7A14-4B09-A5CA-C697535E5302}.Debug|x64.ActiveCfg = Debug|x64
		{D380C53D-7A14-4B09-A5CA-C697535E5302}.Debug|x64.Build.0 = Debug|x64
		{D380C53D-7A14-4B09-A5CA-C697535E5302}.Debug|x86.ActiveCfg = Debug|Win32
		{D380C53D-7A14-4B09-A5CA-C697535E5302}.Debug|x86.Build.0 = Debug|Win32
		{D380C53D-7A14-4B09-A5CA-C697535E5302}.Release|x64.ActiveCfg = Release|x64
		{D380C53D-7A14-4B09-A5CA-C697535E5302}.Release|x64.Build.0 = Release|x64
		{D380C53D-7A14-4B09-A5CA-C697535E5302}.Release|x86.ActiveCfg = Release|Win32
		{D380C53D-7A14-4B09-A5CA-C697535E5302}.Release|x86.Build.0 = Release|Win32
		{90B5D6B6-F1EC-408A-AA9A-E7F5CD22B644}.Debug|x64.ActiveCfg = Debug|x64
		{90B5D6B6-F1EC-408A-AA9A-E7F5CD22B644}.Debug|x64.Build.0 = Debug|x64
		{90B5D6B6-F1EC-408A-AA9A-E7F5CD22B644}.Debug|x86.ActiveCfg = Debug|Win32
		{90B5D6B6-F1EC-408A-AA9A-E7F5CD22B644}.Debug|x86.Build.0 = Debug|Win32
		{90B5D6B6-F1EC-408A-AA9A-E7F5CD22B644}.Release|x64.ActiveCfg = Release|x64
		{90B5D6B6-F1EC-408A-AA9A-E7F5CD22B644}.Release|x64.Build.0 = Release|x64
		{90B5D6B6-F1EC-408A-AA9A-E7F5CD22B644}.Release|x86.ActiveCfg = Release|Win32
		{90B5D6B6-F1EC-408A-AA9A-E7F5CD22B644}.Release|x86.Build.0 = Release|Win32
	EndGlobalSection
	GlobalSection(SolutionProperties) = preSolution
		HideSolutionNode = FALSE
	EndGlobalSection
	GlobalSection(ExtensibilityGlobals) = postSolution
		SolutionGuid = {AA75F041-1A92-44AF-9F1E-619E41F40747}
	EndGlobalSection
EndGlobal
